PODS:
  - AFNetworking (4.0.1):
    - AFNetworking/NSURLSession (= 4.0.1)
    - AFNetworking/Reachability (= 4.0.1)
    - AFNetworking/Security (= 4.0.1)
    - AFNetworking/Serialization (= 4.0.1)
    - AFNetworking/UIKit (= 4.0.1)
  - AFNetworking/NSURLSession (4.0.1):
    - AFNetworking/Reachability
    - AFNetworking/Security
    - AFNetworking/Serialization
  - AFNetworking/Reachability (4.0.1)
  - AFNetworking/Security (4.0.1)
  - AFNetworking/Serialization (4.0.1)
  - AFNetworking/UIKit (4.0.1):
    - AFNetworking/NSURLSession
  - IQKeyboardManager (6.5.5)
  - MJRefresh (3.4.3)
  - ReactiveObjC (3.1.1)
  - TFY_AutoLayout (2.6.0):
    - TFY_AutoLayout/IOS_Layout (= 2.6.0)
    - TFY_AutoLayout/MAC_Layout (= 2.6.0)
    - TFY_AutoLayout/Util (= 2.6.0)
  - TFY_AutoLayout/IOS_Layout (2.6.0):
    - TFY_AutoLayout/Util
  - TFY_AutoLayout/MAC_Layout (2.6.0):
    - TFY_AutoLayout/Util
  - TFY_AutoLayout/Util (2.6.0)
  - TFY_Category (3.3.4):
    - TFY_Category/TFY_Foundation (= 3.3.4)
    - TFY_Category/TFY_ITools (= 3.3.4)
    - TFY_Category/TFY_UI (= 3.3.4)
  - TFY_Category/TFY_Foundation (3.3.4)
  - TFY_Category/TFY_ITools (3.3.4)
  - TFY_Category/TFY_UI (3.3.4)
  - TFY_Model (2.6.6)
  - TFY_Navigation (2.2.6):
    - TFY_Navigation/TFY_NavControoler (= 2.2.6)
    - TFY_Navigation/TFY_PageController (= 2.2.6)
    - TFY_Navigation/TFY_PopController (= 2.2.6)
  - TFY_Navigation/TFY_NavControoler (2.2.6):
    - TFY_Navigation/TFY_PopController
  - TFY_Navigation/TFY_PageController (2.2.6)
  - TFY_Navigation/TFY_PopController (2.2.6)
  - TFY_ProgressHUD (2.3.9)
  - TFY_SimplifytableViewKit (2.1.8)
  - TFY_TabBarKit (1.0.4):
    - TFY_TabBarKit/TFY_CustomizeTabBar (= 1.0.4)
    - TFY_TabBarKit/TFY_SystemTabBar (= 1.0.4)
  - TFY_TabBarKit/TFY_CustomizeTabBar (1.0.4)
  - TFY_TabBarKit/TFY_SystemTabBar (1.0.4)

DEPENDENCIES:
  - AFNetworking
  - IQKeyboardManager
  - MJRefresh
  - ReactiveObjC
  - TFY_AutoLayout
  - TFY_Category
  - TFY_Model
  - TFY_Navigation
  - TFY_ProgressHUD
  - TFY_SimplifytableViewKit
  - TFY_TabBarKit

SPEC REPOS:
  https://github.com/CocoaPods/Specs.git:
    - AFNetworking
    - IQKeyboardManager
    - MJRefresh
    - ReactiveObjC
    - TFY_AutoLayout
    - TFY_Category
    - TFY_Model
    - TFY_Navigation
    - TFY_ProgressHUD
    - TFY_SimplifytableViewKit
    - TFY_TabBarKit

SPEC CHECKSUMS:
  AFNetworking: 7864c38297c79aaca1500c33288e429c3451fdce
  IQKeyboardManager: 3a8b9e603f8b0eeaf5f096a1f2b2cfcf121992ef
  MJRefresh: 53e3e3219f204425ee6d3e62e8733d3295944cd6
  ReactiveObjC: 011caa393aa0383245f2dcf9bf02e86b80b36040
  TFY_AutoLayout: ef69f4a2b3892931a80dc80421ecaa758e96a558
  TFY_Category: e85cf60fcb6c657788a0e93976b521a8f0801589
  TFY_Model: 4b291352c264b7e9d209496f5234be79ed54a686
  TFY_Navigation: 0e4028c23f03ebfa035f1152e705635ccd3a1922
  TFY_ProgressHUD: f0201d5f5be0784435e23d385687572ab16410a4
  TFY_SimplifytableViewKit: 89e6d40925eae80ca5ee9a2fb129bd584c86c72f
  TFY_TabBarKit: ce1945a285b3abbf6f8c429509fcf3ae0f5ed1bf

PODFILE CHECKSUM: bb6f96fd57b9aaf9bb73e59431d3363341c5e8cc

COCOAPODS: 1.9.2
